
Microsoft Visual Studio Solution File, Format Version 12.00
# Visual Studio Version 17
VisualStudioVersion = 17.7.34003.232
MinimumVisualStudioVersion = 10.0.40219.1
Project("{9A19103F-16F7-4668-BE54-9A1E7A4F7556}") = "TodoList", "TodoList\TodoList.csproj", "{592F18E3-20CE-4F61-B79E-1CEAF2AB8886}"
EndProject
Project("{9A19103F-16F7-4668-BE54-9A1E7A4F7556}") = "Calculator", "Calculator\Calculator.csproj", "{E581E2E2-47F8-48EF-869D-D1313142240A}"
EndProject
Project("{9A19103F-16F7-4668-BE54-9A1E7A4F7556}") = "ToDoListAssignment", "ToDoListAssignment\ToDoListAssignment.csproj", "{14C836DC-CE22-40FD-B210-BB947D1D7745}"
EndProject
Project("{9A19103F-16F7-4668-BE54-9A1E7A4F7556}") = "DiceRollGame", "DiceRollGame\DiceRollGame.csproj", "{893A4A18-F0C4-4CE4-B099-DC3AC4344972}"
EndProject
Project("{9A19103F-16F7-4668-BE54-9A1E7A4F7556}") = "DiceRollGameV2", "DiceRollGameV2\DiceRollGameV2.csproj", "{86A417EB-EF3F-46D8-8B9E-CBA61BEC7C3B}"
EndProject
Project("{9A19103F-16F7-4668-BE54-9A1E7A4F7556}") = "CookieCookbook", "CookieCookbook\CookieCookbook.csproj", "{D7E7A903-B312-4B2B-850F-27C47D388F56}"
EndProject
Project("{9A19103F-16F7-4668-BE54-9A1E7A4F7556}") = "CookieCookbookHerVersion", "CookieCookbookHerVersion\CookieCookbookHerVersion.csproj", "{2DD39B82-E305-4975-BD79-46E71930C727}"
EndProject
Project("{9A19103F-16F7-4668-BE54-9A1E7A4F7556}") = "GameDataParser", "GameDataParser\GameDataParser.csproj", "{7647C9CF-54E7-474B-BA5D-26BB461D7E62}"
EndProject
Project("{9A19103F-16F7-4668-BE54-9A1E7A4F7556}") = "GameDataParserHers", "GameDataParserHers\GameDataParserHers.csproj", "{382AE6F2-F112-45C9-BA46-5142B39842AB}"
EndProject
Project("{9A19103F-16F7-4668-BE54-9A1E7A4F7556}") = "CustomCacheAssignment", "CustomCacheAssignment\CustomCacheAssignment.csproj", "{31D8E046-9088-48FB-8435-568CD90D8E4A}"
EndProject
Project("{9A19103F-16F7-4668-BE54-9A1E7A4F7556}") = "NetUnderTheHoodAssignment", "NetUnderTheHoodAssignment\NetUnderTheHoodAssignment\NetUnderTheHoodAssignment.csproj", "{0D44E59B-C86A-451C-BB35-10C912536F07}"
EndProject
Project("{9A19103F-16F7-4668-BE54-9A1E7A4F7556}") = "StarWarsApiReader", "StarWarsApiReader\StarWarsApiReader.csproj", "{68429270-F26C-41F3-848B-2029A66DB4FE}"
EndProject
Project("{9A19103F-16F7-4668-BE54-9A1E7A4F7556}") = "CustomLinkedList", "CustomLinkedList\CustomLinkedList.csproj", "{7D0E8C00-A9BD-40EB-92C9-4DFB413B2ACC}"
EndProject
Project("{9A19103F-16F7-4668-BE54-9A1E7A4F7556}") = "CustomLinkedListHerVersion", "CustomLinkedListHerVersion\CustomLinkedListHerVersion.csproj", "{D4CBB21B-025D-49B0-98B1-088C16BEADB7}"
EndProject
Project("{FAE04EC0-301F-11D3-BF4B-00C04F79EFBC}") = "TicketsDataAggregator", "TicketsDataAggregator\TicketsDataAggregator.csproj", "{2367A226-2441-4265-A09B-271C36A9EC96}"
EndProject
Global
	GlobalSection(SolutionConfigurationPlatforms) = preSolution
		Debug|Any CPU = Debug|Any CPU
		Release|Any CPU = Release|Any CPU
	EndGlobalSection
	GlobalSection(ProjectConfigurationPlatforms) = postSolution
		{592F18E3-20CE-4F61-B79E-1CEAF2AB8886}.Debug|Any CPU.ActiveCfg = Debug|Any CPU
		{592F18E3-20CE-4F61-B79E-1CEAF2AB8886}.Debug|Any CPU.Build.0 = Debug|Any CPU
		{592F18E3-20CE-4F61-B79E-1CEAF2AB8886}.Release|Any CPU.ActiveCfg = Release|Any CPU
		{592F18E3-20CE-4F61-B79E-1CEAF2AB8886}.Release|Any CPU.Build.0 = Release|Any CPU
		{E581E2E2-47F8-48EF-869D-D1313142240A}.Debug|Any CPU.ActiveCfg = Debug|Any CPU
		{E581E2E2-47F8-48EF-869D-D1313142240A}.Debug|Any CPU.Build.0 = Debug|Any CPU
		{E581E2E2-47F8-48EF-869D-D1313142240A}.Release|Any CPU.ActiveCfg = Release|Any CPU
		{E581E2E2-47F8-48EF-869D-D1313142240A}.Release|Any CPU.Build.0 = Release|Any CPU
		{14C836DC-CE22-40FD-B210-BB947D1D7745}.Debug|Any CPU.ActiveCfg = Debug|Any CPU
		{14C836DC-CE22-40FD-B210-BB947D1D7745}.Debug|Any CPU.Build.0 = Debug|Any CPU
		{14C836DC-CE22-40FD-B210-BB947D1D7745}.Release|Any CPU.ActiveCfg = Release|Any CPU
		{14C836DC-CE22-40FD-B210-BB947D1D7745}.Release|Any CPU.Build.0 = Release|Any CPU
		{893A4A18-F0C4-4CE4-B099-DC3AC4344972}.Debug|Any CPU.ActiveCfg = Debug|Any CPU
		{893A4A18-F0C4-4CE4-B099-DC3AC4344972}.Debug|Any CPU.Build.0 = Debug|Any CPU
		{893A4A18-F0C4-4CE4-B099-DC3AC4344972}.Release|Any CPU.ActiveCfg = Release|Any CPU
		{893A4A18-F0C4-4CE4-B099-DC3AC4344972}.Release|Any CPU.Build.0 = Release|Any CPU
		{86A417EB-EF3F-46D8-8B9E-CBA61BEC7C3B}.Debug|Any CPU.ActiveCfg = Debug|Any CPU
		{86A417EB-EF3F-46D8-8B9E-CBA61BEC7C3B}.Debug|Any CPU.Build.0 = Debug|Any CPU
		{86A417EB-EF3F-46D8-8B9E-CBA61BEC7C3B}.Release|Any CPU.ActiveCfg = Release|Any CPU
		{86A417EB-EF3F-46D8-8B9E-CBA61BEC7C3B}.Release|Any CPU.Build.0 = Release|Any CPU
		{D7E7A903-B312-4B2B-850F-27C47D388F56}.Debug|Any CPU.ActiveCfg = Debug|Any CPU
		{D7E7A903-B312-4B2B-850F-27C47D388F56}.Debug|Any CPU.Build.0 = Debug|Any CPU
		{D7E7A903-B312-4B2B-850F-27C47D388F56}.Release|Any CPU.ActiveCfg = Release|Any CPU
		{D7E7A903-B312-4B2B-850F-27C47D388F56}.Release|Any CPU.Build.0 = Release|Any CPU
		{2DD39B82-E305-4975-BD79-46E71930C727}.Debug|Any CPU.ActiveCfg = Debug|Any CPU
		{2DD39B82-E305-4975-BD79-46E71930C727}.Debug|Any CPU.Build.0 = Debug|Any CPU
		{2DD39B82-E305-4975-BD79-46E71930C727}.Release|Any CPU.ActiveCfg = Release|Any CPU
		{2DD39B82-E305-4975-BD79-46E71930C727}.Release|Any CPU.Build.0 = Release|Any CPU
		{7647C9CF-54E7-474B-BA5D-26BB461D7E62}.Debug|Any CPU.ActiveCfg = Debug|Any CPU
		{7647C9CF-54E7-474B-BA5D-26BB461D7E62}.Debug|Any CPU.Build.0 = Debug|Any CPU
		{7647C9CF-54E7-474B-BA5D-26BB461D7E62}.Release|Any CPU.ActiveCfg = Release|Any CPU
		{7647C9CF-54E7-474B-BA5D-26BB461D7E62}.Release|Any CPU.Build.0 = Release|Any CPU
		{382AE6F2-F112-45C9-BA46-5142B39842AB}.Debug|Any CPU.ActiveCfg = Debug|Any CPU
		{382AE6F2-F112-45C9-BA46-5142B39842AB}.Debug|Any CPU.Build.0 = Debug|Any CPU
		{382AE6F2-F112-45C9-BA46-5142B39842AB}.Release|Any CPU.ActiveCfg = Release|Any CPU
		{382AE6F2-F112-45C9-BA46-5142B39842AB}.Release|Any CPU.Build.0 = Release|Any CPU
		{31D8E046-9088-48FB-8435-568CD90D8E4A}.Debug|Any CPU.ActiveCfg = Debug|Any CPU
		{31D8E046-9088-48FB-8435-568CD90D8E4A}.Debug|Any CPU.Build.0 = Debug|Any CPU
		{31D8E046-9088-48FB-8435-568CD90D8E4A}.Release|Any CPU.ActiveCfg = Release|Any CPU
		{31D8E046-9088-48FB-8435-568CD90D8E4A}.Release|Any CPU.Build.0 = Release|Any CPU
		{0D44E59B-C86A-451C-BB35-10C912536F07}.Debug|Any CPU.ActiveCfg = Debug|Any CPU
		{0D44E59B-C86A-451C-BB35-10C912536F07}.Debug|Any CPU.Build.0 = Debug|Any CPU
		{0D44E59B-C86A-451C-BB35-10C912536F07}.Release|Any CPU.ActiveCfg = Release|Any CPU
		{0D44E59B-C86A-451C-BB35-10C912536F07}.Release|Any CPU.Build.0 = Release|Any CPU
		{68429270-F26C-41F3-848B-2029A66DB4FE}.Debug|Any CPU.ActiveCfg = Debug|Any CPU
		{68429270-F26C-41F3-848B-2029A66DB4FE}.Debug|Any CPU.Build.0 = Debug|Any CPU
		{68429270-F26C-41F3-848B-2029A66DB4FE}.Release|Any CPU.ActiveCfg = Release|Any CPU
		{68429270-F26C-41F3-848B-2029A66DB4FE}.Release|Any CPU.Build.0 = Release|Any CPU
		{7D0E8C00-A9BD-40EB-92C9-4DFB413B2ACC}.Debug|Any CPU.ActiveCfg = Debug|Any CPU
		{7D0E8C00-A9BD-40EB-92C9-4DFB413B2ACC}.Debug|Any CPU.Build.0 = Debug|Any CPU
		{7D0E8C00-A9BD-40EB-92C9-4DFB413B2ACC}.Release|Any CPU.ActiveCfg = Release|Any CPU
		{7D0E8C00-A9BD-40EB-92C9-4DFB413B2ACC}.Release|Any CPU.Build.0 = Release|Any CPU
		{D4CBB21B-025D-49B0-98B1-088C16BEADB7}.Debug|Any CPU.ActiveCfg = Debug|Any CPU
		{D4CBB21B-025D-49B0-98B1-088C16BEADB7}.Debug|Any CPU.Build.0 = Debug|Any CPU
		{D4CBB21B-025D-49B0-98B1-088C16BEADB7}.Release|Any CPU.ActiveCfg = Release|Any CPU
		{D4CBB21B-025D-49B0-98B1-088C16BEADB7}.Release|Any CPU.Build.0 = Release|Any CPU
		{2367A226-2441-4265-A09B-271C36A9EC96}.Debug|Any CPU.ActiveCfg = Debug|Any CPU
		{2367A226-2441-4265-A09B-271C36A9EC96}.Debug|Any CPU.Build.0 = Debug|Any CPU
		{2367A226-2441-4265-A09B-271C36A9EC96}.Release|Any CPU.ActiveCfg = Release|Any CPU
		{2367A226-2441-4265-A09B-271C36A9EC96}.Release|Any CPU.Build.0 = Release|Any CPU
	EndGlobalSection
	GlobalSection(SolutionProperties) = preSolution
		HideSolutionNode = FALSE
	EndGlobalSection
	GlobalSection(ExtensibilityGlobals) = postSolution
		SolutionGuid = {68C99EEF-DBCF-4B23-93D8-CE4B704FD4F2}
	EndGlobalSection
EndGlobal
